
Microsoft Visual Studio Solution File, Format Version 12.00
# Visual Studio 15
VisualStudioVersion = 15.0.27428.2015
MinimumVisualStudioVersion = 10.0.40219.1
Project("{8BC9CEB8-8B4A-11D0-8D11-00A0C91BC942}") = "InjectDll", "InjectDll\InjectDll.vcxproj", "{D2367640-3BC4-47B9-ADF6-0CAF299445CA}"
EndProject
Project("{8BC9CEB8-8B4A-11D0-8D11-00A0C91BC942}") = "InjectTest", "InjectTest\InjectTest.vcxproj", "{AB28853E-BDD1-48E2-83F3-E1F41553CC81}"
EndProject
Project("{8BC9CEB8-8B4A-11D0-8D11-00A0C91BC942}") = "Target", "Target\Target.vcxproj", "{14821ACA-700B-442C-9B54-D424B1C827B0}"
EndProject
Global
	GlobalSection(SolutionConfigurationPlatforms) = preSolution
		Debug|x64 = Debug|x64
		Debug|x86 = Debug|x86
		Release|x64 = Release|x64
		Release|x86 = Release|x86
	EndGlobalSection
	GlobalSection(ProjectConfigurationPlatforms) = postSolution
		{D2367640-3BC4-47B9-ADF6-0CAF299445CA}.Debug|x64.ActiveCfg = Debug|x64
		{D2367640-3BC4-47B9-ADF6-0CAF299445CA}.Debug|x64.Build.0 = Debug|x64
		{D2367640-3BC4-47B9-ADF6-0CAF299445CA}.Debug|x86.ActiveCfg = Debug|Win32
		{D2367640-3BC4-47B9-ADF6-0CAF299445CA}.Debug|x86.Build.0 = Debug|Win32
		{D2367640-3BC4-47B9-ADF6-0CAF299445CA}.Release|x64.ActiveCfg = Release|x64
		{D2367640-3BC4-47B9-ADF6-0CAF299445CA}.Release|x64.Build.0 = Release|x64
		{D2367640-3BC4-47B9-ADF6-0CAF299445CA}.Release|x86.ActiveCfg = Release|Win32
		{D2367640-3BC4-47B9-ADF6-0CAF299445CA}.Release|x86.Build.0 = Release|Win32
		{AB28853E-BDD1-48E2-83F3-E1F41553CC81}.Debug|x64.ActiveCfg = Debug|x64
		{AB28853E-BDD1-48E2-83F3-E1F41553CC81}.Debug|x64.Build.0 = Debug|x64
		{AB28853E-BDD1-48E2-83F3-E1F41553CC81}.Debug|x86.ActiveCfg = Debug|Win32
		{AB28853E-BDD1-48E2-83F3-E1F41553CC81}.Debug|x86.Build.0 = Debug|Win32
		{AB28853E-BDD1-48E2-83F3-E1F41553CC81}.Release|x64.ActiveCfg = Release|x64
		{AB28853E-BDD1-48E2-83F3-E1F41553CC81}.Release|x64.Build.0 = Release|x64
		{AB28853E-BDD1-48E2-83F3-E1F41553CC81}.Release|x86.ActiveCfg = Release|Win32
		{AB28853E-BDD1-48E2-83F3-E1F41553CC81}.Release|x86.Build.0 = Release|Win32
		{14821ACA-700B-442C-9B54-D424B1C827B0}.Debug|x64.ActiveCfg = Debug|x64
		{14821ACA-700B-442C-9B54-D424B1C827B0}.Debug|x64.Build.0 = Debug|x64
		{14821ACA-700B-442C-9B54-D424B1C827B0}.Debug|x86.ActiveCfg = Debug|Win32
		{14821ACA-700B-442C-9B54-D424B1C827B0}.Debug|x86.Build.0 = Debug|Win32
		{14821ACA-700B-442C-9B54-D424B1C827B0}.Release|x64.ActiveCfg = Release|x64
		{14821ACA-700B-442C-9B54-D424B1C827B0}.Release|x64.Build.0 = Release|x64
		{14821ACA-700B-442C-9B54-D424B1C827B0}.Release|x86.ActiveCfg = Release|Win32
		{14821ACA-700B-442C-9B54-D424B1C827B0}.Release|x86.Build.0 = Release|Win32
	EndGlobalSection
	GlobalSection(SolutionProperties) = preSolution
		HideSolutionNode = FALSE
	EndGlobalSection
	GlobalSection(ExtensibilityGlobals) = postSolution
		SolutionGuid = {80462E8B-8173-4993-B465-88A5D278BDBE}
	EndGlobalSection
EndGlobal
